
Microsoft Visual Studio Solution File, Format Version 12.00
# Visual Studio Version 17
VisualStudioVersion = 17.0.31903.59
MinimumVisualStudioVersion = 10.0.40219.1
Project("{2150E333-8FDC-42A3-9474-1A3956D46DE8}") = "src", "src", "{827E0CD3-B72D-47B6-A68D-7590B98EB39B}"
EndProject
Project("{FAE04EC0-301F-11D3-BF4B-00C04F79EFBC}") = "ClaimsModule.Domain", "src\ClaimsModule.Domain\ClaimsModule.Domain.csproj", "{A8CB214C-2426-486B-885E-8B32378F4110}"
EndProject
Project("{FAE04EC0-301F-11D3-BF4B-00C04F79EFBC}") = "ClaimsModule.Application", "src\ClaimsModule.Application\ClaimsModule.Application.csproj", "{4D810743-DA4B-44CF-898E-EA8BECD6ECEB}"
EndProject
Project("{FAE04EC0-301F-11D3-BF4B-00C04F79EFBC}") = "ClaimsModule.Infrastructure", "src\ClaimsModule.Infrastructure\ClaimsModule.Infrastructure.csproj", "{403B8CCB-E59D-4669-9768-E0BA6E861292}"
EndProject
Project("{FAE04EC0-301F-11D3-BF4B-00C04F79EFBC}") = "ClaimsModule.Persistence", "src\ClaimsModule.Persistence\ClaimsModule.Persistence.csproj", "{BF30EBBE-9E58-4E50-B204-DE3C53CCD69B}"
EndProject
Project("{FAE04EC0-301F-11D3-BF4B-00C04F79EFBC}") = "ClaimsModule.API", "src\ClaimsModule.API\ClaimsModule.API.csproj", "{6D8B5A8C-8D2E-4590-834C-C3EF3064DDE5}"
EndProject
Project("{FAE04EC0-301F-11D3-BF4B-00C04F79EFBC}") = "ClaimsModule.Domain.Tests", "tests\ClaimsModule.Domain.Tests\ClaimsModule.Domain.Tests.csproj", "{C4D1172E-00B3-4E8E-83D3-34CFA81815C9}"
EndProject
Project("{FAE04EC0-301F-11D3-BF4B-00C04F79EFBC}") = "ClaimsModule.Application.Tests", "tests\ClaimsModule.Application.Tests\ClaimsModule.Application.Tests.csproj", "{A1237616-6771-4610-BE51-9AAF25F785BE}"
EndProject
Project("{FAE04EC0-301F-11D3-BF4B-00C04F79EFBC}") = "ClaimsModule.Infrastructure.Tests", "tests\ClaimsModule.Infrastructure.Tests\ClaimsModule.Infrastructure.Tests.csproj", "{DD5AF06F-C589-4073-9689-3B9EB90A82BC}"
EndProject
Project("{2150E333-8FDC-42A3-9474-1A3956D46DE8}") = "tests", "tests", "{0AB3BF05-4346-4AA6-1389-037BE0695223}"
EndProject
Project("{FAE04EC0-301F-11D3-BF4B-00C04F79EFBC}") = "ClaimsModule.IntegrationTests", "tests\ClaimsModule.IntegrationTests\ClaimsModule.IntegrationTests.csproj", "{CE5988EB-E4B3-46FF-ABAE-CD01B7FAC8D8}"
EndProject
Project("{FAE04EC0-301F-11D3-BF4B-00C04F79EFBC}") = "ClaimsModule.ArchitectureTests", "tests\ClaimsModule.ArchitectureTests\ClaimsModule.ArchitectureTests.csproj", "{134A298D-EE31-4CD7-88E0-25A853597BF2}"
EndProject
Global
	GlobalSection(SolutionConfigurationPlatforms) = preSolution
		Debug|Any CPU = Debug|Any CPU
		Debug|x64 = Debug|x64
		Debug|x86 = Debug|x86
		Release|Any CPU = Release|Any CPU
		Release|x64 = Release|x64
		Release|x86 = Release|x86
	EndGlobalSection
	GlobalSection(ProjectConfigurationPlatforms) = postSolution
		{A8CB214C-2426-486B-885E-8B32378F4110}.Debug|Any CPU.ActiveCfg = Debug|Any CPU
		{A8CB214C-2426-486B-885E-8B32378F4110}.Debug|Any CPU.Build.0 = Debug|Any CPU
		{A8CB214C-2426-486B-885E-8B32378F4110}.Debug|x64.ActiveCfg = Debug|Any CPU
		{A8CB214C-2426-486B-885E-8B32378F4110}.Debug|x64.Build.0 = Debug|Any CPU
		{A8CB214C-2426-486B-885E-8B32378F4110}.Debug|x86.ActiveCfg = Debug|Any CPU
		{A8CB214C-2426-486B-885E-8B32378F4110}.Debug|x86.Build.0 = Debug|Any CPU
		{A8CB214C-2426-486B-885E-8B32378F4110}.Release|Any CPU.ActiveCfg = Release|Any CPU
		{A8CB214C-2426-486B-885E-8B32378F4110}.Release|Any CPU.Build.0 = Release|Any CPU
		{A8CB214C-2426-486B-885E-8B32378F4110}.Release|x64.ActiveCfg = Release|Any CPU
		{A8CB214C-2426-486B-885E-8B32378F4110}.Release|x64.Build.0 = Release|Any CPU
		{A8CB214C-2426-486B-885E-8B32378F4110}.Release|x86.ActiveCfg = Release|Any CPU
		{A8CB214C-2426-486B-885E-8B32378F4110}.Release|x86.Build.0 = Release|Any CPU
		{4D810743-DA4B-44CF-898E-EA8BECD6ECEB}.Debug|Any CPU.ActiveCfg = Debug|Any CPU
		{4D810743-DA4B-44CF-898E-EA8BECD6ECEB}.Debug|Any CPU.Build.0 = Debug|Any CPU
		{4D810743-DA4B-44CF-898E-EA8BECD6ECEB}.Debug|x64.ActiveCfg = Debug|Any CPU
		{4D810743-DA4B-44CF-898E-EA8BECD6ECEB}.Debug|x64.Build.0 = Debug|Any CPU
		{4D810743-DA4B-44CF-898E-EA8BECD6ECEB}.Debug|x86.ActiveCfg = Debug|Any CPU
		{4D810743-DA4B-44CF-898E-EA8BECD6ECEB}.Debug|x86.Build.0 = Debug|Any CPU
		{4D810743-DA4B-44CF-898E-EA8BECD6ECEB}.Release|Any CPU.ActiveCfg = Release|Any CPU
		{4D810743-DA4B-44CF-898E-EA8BECD6ECEB}.Release|Any CPU.Build.0 = Release|Any CPU
		{4D810743-DA4B-44CF-898E-EA8BECD6ECEB}.Release|x64.ActiveCfg = Release|Any CPU
		{4D810743-DA4B-44CF-898E-EA8BECD6ECEB}.Release|x64.Build.0 = Release|Any CPU
		{4D810743-DA4B-44CF-898E-EA8BECD6ECEB}.Release|x86.ActiveCfg = Release|Any CPU
		{4D810743-DA4B-44CF-898E-EA8BECD6ECEB}.Release|x86.Build.0 = Release|Any CPU
		{403B8CCB-E59D-4669-9768-E0BA6E861292}.Debug|Any CPU.ActiveCfg = Debug|Any CPU
		{403B8CCB-E59D-4669-9768-E0BA6E861292}.Debug|Any CPU.Build.0 = Debug|Any CPU
		{403B8CCB-E59D-4669-9768-E0BA6E861292}.Debug|x64.ActiveCfg = Debug|Any CPU
		{403B8CCB-E59D-4669-9768-E0BA6E861292}.Debug|x64.Build.0 = Debug|Any CPU
		{403B8CCB-E59D-4669-9768-E0BA6E861292}.Debug|x86.ActiveCfg = Debug|Any CPU
		{403B8CCB-E59D-4669-9768-E0BA6E861292}.Debug|x86.Build.0 = Debug|Any CPU
		{403B8CCB-E59D-4669-9768-E0BA6E861292}.Release|Any CPU.ActiveCfg = Release|Any CPU
		{403B8CCB-E59D-4669-9768-E0BA6E861292}.Release|Any CPU.Build.0 = Release|Any CPU
		{403B8CCB-E59D-4669-9768-E0BA6E861292}.Release|x64.ActiveCfg = Release|Any CPU
		{403B8CCB-E59D-4669-9768-E0BA6E861292}.Release|x64.Build.0 = Release|Any CPU
		{403B8CCB-E59D-4669-9768-E0BA6E861292}.Release|x86.ActiveCfg = Release|Any CPU
		{403B8CCB-E59D-4669-9768-E0BA6E861292}.Release|x86.Build.0 = Release|Any CPU
		{BF30EBBE-9E58-4E50-B204-DE3C53CCD69B}.Debug|Any CPU.ActiveCfg = Debug|Any CPU
		{BF30EBBE-9E58-4E50-B204-DE3C53CCD69B}.Debug|Any CPU.Build.0 = Debug|Any CPU
		{BF30EBBE-9E58-4E50-B204-DE3C53CCD69B}.Debug|x64.ActiveCfg = Debug|Any CPU
		{BF30EBBE-9E58-4E50-B204-DE3C53CCD69B}.Debug|x64.Build.0 = Debug|Any CPU
		{BF30EBBE-9E58-4E50-B204-DE3C53CCD69B}.Debug|x86.ActiveCfg = Debug|Any CPU
		{BF30EBBE-9E58-4E50-B204-DE3C53CCD69B}.Debug|x86.Build.0 = Debug|Any CPU
		{BF30EBBE-9E58-4E50-B204-DE3C53CCD69B}.Release|Any CPU.ActiveCfg = Release|Any CPU
		{BF30EBBE-9E58-4E50-B204-DE3C53CCD69B}.Release|Any CPU.Build.0 = Release|Any CPU
		{BF30EBBE-9E58-4E50-B204-DE3C53CCD69B}.Release|x64.ActiveCfg = Release|Any CPU
		{BF30EBBE-9E58-4E50-B204-DE3C53CCD69B}.Release|x64.Build.0 = Release|Any CPU
		{BF30EBBE-9E58-4E50-B204-DE3C53CCD69B}.Release|x86.ActiveCfg = Release|Any CPU
		{BF30EBBE-9E58-4E50-B204-DE3C53CCD69B}.Release|x86.Build.0 = Release|Any CPU
		{6D8B5A8C-8D2E-4590-834C-C3EF3064DDE5}.Debug|Any CPU.ActiveCfg = Debug|Any CPU
		{6D8B5A8C-8D2E-4590-834C-C3EF3064DDE5}.Debug|Any CPU.Build.0 = Debug|Any CPU
		{6D8B5A8C-8D2E-4590-834C-C3EF3064DDE5}.Debug|x64.ActiveCfg = Debug|Any CPU
		{6D8B5A8C-8D2E-4590-834C-C3EF3064DDE5}.Debug|x64.Build.0 = Debug|Any CPU
		{6D8B5A8C-8D2E-4590-834C-C3EF3064DDE5}.Debug|x86.ActiveCfg = Debug|Any CPU
		{6D8B5A8C-8D2E-4590-834C-C3EF3064DDE5}.Debug|x86.Build.0 = Debug|Any CPU
		{6D8B5A8C-8D2E-4590-834C-C3EF3064DDE5}.Release|Any CPU.ActiveCfg = Release|Any CPU
		{6D8B5A8C-8D2E-4590-834C-C3EF3064DDE5}.Release|Any CPU.Build.0 = Release|Any CPU
		{6D8B5A8C-8D2E-4590-834C-C3EF3064DDE5}.Release|x64.ActiveCfg = Release|Any CPU
		{6D8B5A8C-8D2E-4590-834C-C3EF3064DDE5}.Release|x64.Build.0 = Release|Any CPU
		{6D8B5A8C-8D2E-4590-834C-C3EF3064DDE5}.Release|x86.ActiveCfg = Release|Any CPU
		{6D8B5A8C-8D2E-4590-834C-C3EF3064DDE5}.Release|x86.Build.0 = Release|Any CPU
		{C4D1172E-00B3-4E8E-83D3-34CFA81815C9}.Debug|Any CPU.ActiveCfg = Debug|Any CPU
		{C4D1172E-00B3-4E8E-83D3-34CFA81815C9}.Debug|Any CPU.Build.0 = Debug|Any CPU
		{C4D1172E-00B3-4E8E-83D3-34CFA81815C9}.Debug|x64.ActiveCfg = Debug|Any CPU
		{C4D1172E-00B3-4E8E-83D3-34CFA81815C9}.Debug|x64.Build.0 = Debug|Any CPU
		{C4D1172E-00B3-4E8E-83D3-34CFA81815C9}.Debug|x86.ActiveCfg = Debug|Any CPU
		{C4D1172E-00B3-4E8E-83D3-34CFA81815C9}.Debug|x86.Build.0 = Debug|Any CPU
		{C4D1172E-00B3-4E8E-83D3-34CFA81815C9}.Release|Any CPU.ActiveCfg = Release|Any CPU
		{C4D1172E-00B3-4E8E-83D3-34CFA81815C9}.Release|Any CPU.Build.0 = Release|Any CPU
		{C4D1172E-00B3-4E8E-83D3-34CFA81815C9}.Release|x64.ActiveCfg = Release|Any CPU
		{C4D1172E-00B3-4E8E-83D3-34CFA81815C9}.Release|x64.Build.0 = Release|Any CPU
		{C4D1172E-00B3-4E8E-83D3-34CFA81815C9}.Release|x86.ActiveCfg = Release|Any CPU
		{C4D1172E-00B3-4E8E-83D3-34CFA81815C9}.Release|x86.Build.0 = Release|Any CPU
		{A1237616-6771-4610-BE51-9AAF25F785BE}.Debug|Any CPU.ActiveCfg = Debug|Any CPU
		{A1237616-6771-4610-BE51-9AAF25F785BE}.Debug|Any CPU.Build.0 = Debug|Any CPU
		{A1237616-6771-4610-BE51-9AAF25F785BE}.Debug|x64.ActiveCfg = Debug|Any CPU
		{A1237616-6771-4610-BE51-9AAF25F785BE}.Debug|x64.Build.0 = Debug|Any CPU
		{A1237616-6771-4610-BE51-9AAF25F785BE}.Debug|x86.ActiveCfg = Debug|Any CPU
		{A1237616-6771-4610-BE51-9AAF25F785BE}.Debug|x86.Build.0 = Debug|Any CPU
		{A1237616-6771-4610-BE51-9AAF25F785BE}.Release|Any CPU.ActiveCfg = Release|Any CPU
		{A1237616-6771-4610-BE51-9AAF25F785BE}.Release|Any CPU.Build.0 = Release|Any CPU
		{A1237616-6771-4610-BE51-9AAF25F785BE}.Release|x64.ActiveCfg = Release|Any CPU
		{A1237616-6771-4610-BE51-9AAF25F785BE}.Release|x64.Build.0 = Release|Any CPU
		{A1237616-6771-4610-BE51-9AAF25F785BE}.Release|x86.ActiveCfg = Release|Any CPU
		{A1237616-6771-4610-BE51-9AAF25F785BE}.Release|x86.Build.0 = Release|Any CPU
		{DD5AF06F-C589-4073-9689-3B9EB90A82BC}.Debug|Any CPU.ActiveCfg = Debug|Any CPU
		{DD5AF06F-C589-4073-9689-3B9EB90A82BC}.Debug|Any CPU.Build.0 = Debug|Any CPU
		{DD5AF06F-C589-4073-9689-3B9EB90A82BC}.Debug|x64.ActiveCfg = Debug|Any CPU
		{DD5AF06F-C589-4073-9689-3B9EB90A82BC}.Debug|x64.Build.0 = Debug|Any CPU
		{DD5AF06F-C589-4073-9689-3B9EB90A82BC}.Debug|x86.ActiveCfg = Debug|Any CPU
		{DD5AF06F-C589-4073-9689-3B9EB90A82BC}.Debug|x86.Build.0 = Debug|Any CPU
		{DD5AF06F-C589-4073-9689-3B9EB90A82BC}.Release|Any CPU.ActiveCfg = Release|Any CPU
		{DD5AF06F-C589-4073-9689-3B9EB90A82BC}.Release|Any CPU.Build.0 = Release|Any CPU
		{DD5AF06F-C589-4073-9689-3B9EB90A82BC}.Release|x64.ActiveCfg = Release|Any CPU
		{DD5AF06F-C589-4073-9689-3B9EB90A82BC}.Release|x64.Build.0 = Release|Any CPU
		{DD5AF06F-C589-4073-9689-3B9EB90A82BC}.Release|x86.ActiveCfg = Release|Any CPU
		{DD5AF06F-C589-4073-9689-3B9EB90A82BC}.Release|x86.Build.0 = Release|Any CPU
		{CE5988EB-E4B3-46FF-ABAE-CD01B7FAC8D8}.Debug|Any CPU.ActiveCfg = Debug|Any CPU
		{CE5988EB-E4B3-46FF-ABAE-CD01B7FAC8D8}.Debug|Any CPU.Build.0 = Debug|Any CPU
		{CE5988EB-E4B3-46FF-ABAE-CD01B7FAC8D8}.Debug|x64.ActiveCfg = Debug|Any CPU
		{CE5988EB-E4B3-46FF-ABAE-CD01B7FAC8D8}.Debug|x64.Build.0 = Debug|Any CPU
		{CE5988EB-E4B3-46FF-ABAE-CD01B7FAC8D8}.Debug|x86.ActiveCfg = Debug|Any CPU
		{CE5988EB-E4B3-46FF-ABAE-CD01B7FAC8D8}.Debug|x86.Build.0 = Debug|Any CPU
		{CE5988EB-E4B3-46FF-ABAE-CD01B7FAC8D8}.Release|Any CPU.ActiveCfg = Release|Any CPU
		{CE5988EB-E4B3-46FF-ABAE-CD01B7FAC8D8}.Release|Any CPU.Build.0 = Release|Any CPU
		{CE5988EB-E4B3-46FF-ABAE-CD01B7FAC8D8}.Release|x64.ActiveCfg = Release|Any CPU
		{CE5988EB-E4B3-46FF-ABAE-CD01B7FAC8D8}.Release|x64.Build.0 = Release|Any CPU
		{CE5988EB-E4B3-46FF-ABAE-CD01B7FAC8D8}.Release|x86.ActiveCfg = Release|Any CPU
		{CE5988EB-E4B3-46FF-ABAE-CD01B7FAC8D8}.Release|x86.Build.0 = Release|Any CPU
		{134A298D-EE31-4CD7-88E0-25A853597BF2}.Debug|Any CPU.ActiveCfg = Debug|Any CPU
		{134A298D-EE31-4CD7-88E0-25A853597BF2}.Debug|Any CPU.Build.0 = Debug|Any CPU
		{134A298D-EE31-4CD7-88E0-25A853597BF2}.Debug|x64.ActiveCfg = Debug|Any CPU
		{134A298D-EE31-4CD7-88E0-25A853597BF2}.Debug|x64.Build.0 = Debug|Any CPU
		{134A298D-EE31-4CD7-88E0-25A853597BF2}.Debug|x86.ActiveCfg = Debug|Any CPU
		{134A298D-EE31-4CD7-88E0-25A853597BF2}.Debug|x86.Build.0 = Debug|Any CPU
		{134A298D-EE31-4CD7-88E0-25A853597BF2}.Release|Any CPU.ActiveCfg = Release|Any CPU
		{134A298D-EE31-4CD7-88E0-25A853597BF2}.Release|Any CPU.Build.0 = Release|Any CPU
		{134A298D-EE31-4CD7-88E0-25A853597BF2}.Release|x64.ActiveCfg = Release|Any CPU
		{134A298D-EE31-4CD7-88E0-25A853597BF2}.Release|x64.Build.0 = Release|Any CPU
		{134A298D-EE31-4CD7-88E0-25A853597BF2}.Release|x86.ActiveCfg = Release|Any CPU
		{134A298D-EE31-4CD7-88E0-25A853597BF2}.Release|x86.Build.0 = Release|Any CPU
	EndGlobalSection
	GlobalSection(SolutionProperties) = preSolution
		HideSolutionNode = FALSE
	EndGlobalSection
	GlobalSection(NestedProjects) = preSolution
		{A8CB214C-2426-486B-885E-8B32378F4110} = {827E0CD3-B72D-47B6-A68D-7590B98EB39B}
		{4D810743-DA4B-44CF-898E-EA8BECD6ECEB} = {827E0CD3-B72D-47B6-A68D-7590B98EB39B}
		{403B8CCB-E59D-4669-9768-E0BA6E861292} = {827E0CD3-B72D-47B6-A68D-7590B98EB39B}
		{BF30EBBE-9E58-4E50-B204-DE3C53CCD69B} = {827E0CD3-B72D-47B6-A68D-7590B98EB39B}
		{6D8B5A8C-8D2E-4590-834C-C3EF3064DDE5} = {827E0CD3-B72D-47B6-A68D-7590B98EB39B}
		{C4D1172E-00B3-4E8E-83D3-34CFA81815C9} = {827E0CD3-B72D-47B6-A68D-7590B98EB39B}
		{A1237616-6771-4610-BE51-9AAF25F785BE} = {827E0CD3-B72D-47B6-A68D-7590B98EB39B}
		{DD5AF06F-C589-4073-9689-3B9EB90A82BC} = {827E0CD3-B72D-47B6-A68D-7590B98EB39B}
		{CE5988EB-E4B3-46FF-ABAE-CD01B7FAC8D8} = {0AB3BF05-4346-4AA6-1389-037BE0695223}
		{134A298D-EE31-4CD7-88E0-25A853597BF2} = {0AB3BF05-4346-4AA6-1389-037BE0695223}
	EndGlobalSection
EndGlobal
